
Microsoft Visual Studio Solution File, Format Version 12.00
# Visual Studio Version 17
VisualStudioVersion = 17.5.33424.131
MinimumVisualStudioVersion = 10.0.40219.1
Project("{888888A0-9F3D-457C-B088-3A5042F75D52}") = "4", "4\4.pyproj", "{A36092F8-62F1-4447-AE4F-724F1128182E}"
EndProject
Global
	GlobalSection(SolutionConfigurationPlatforms) = preSolution
		Debug|Any CPU = Debug|Any CPU
		Release|Any CPU = Release|Any CPU
	EndGlobalSection
	GlobalSection(ProjectConfigurationPlatforms) = postSolution
		{A36092F8-62F1-4447-AE4F-724F1128182E}.Debug|Any CPU.ActiveCfg = Debug|Any CPU
		{A36092F8-62F1-4447-AE4F-724F1128182E}.Release|Any CPU.ActiveCfg = Release|Any CPU
	EndGlobalSection
	GlobalSection(SolutionProperties) = preSolution
		HideSolutionNode = FALSE
	EndGlobalSection
	GlobalSection(ExtensibilityGlobals) = postSolution
		SolutionGuid = {A42E1F0E-08AE-49B3-9F76-8C61A97B12A4}
	EndGlobalSection
EndGlobal
